
Microsoft Visual Studio Solution File, Format Version 12.00
# Visual Studio Version 17
VisualStudioVersion = 17.5.33516.290
MinimumVisualStudioVersion = 10.0.40219.1
Project("{FAE04EC0-301F-11D3-BF4B-00C04F79EFBC}") = "CustomAnglerfishAI", "CustomAnglerfishAI\CustomAnglerfishAI.csproj", "{B30E7DA3-32CA-4EEA-88BC-F8BE5E64DBED}"
EndProject
Global
	GlobalSection(SolutionConfigurationPlatforms) = preSolution
		Debug|Any CPU = Debug|Any CPU
		Release|Any CPU = Release|Any CPU
	EndGlobalSection
	GlobalSection(ProjectConfigurationPlatforms) = postSolution
		{B30E7DA3-32CA-4EEA-88BC-F8BE5E64DBED}.Debug|Any CPU.ActiveCfg = Debug|Any CPU
		{B30E7DA3-32CA-4EEA-88BC-F8BE5E64DBED}.Debug|Any CPU.Build.0 = Debug|Any CPU
		{B30E7DA3-32CA-4EEA-88BC-F8BE5E64DBED}.Release|Any CPU.ActiveCfg = Release|Any CPU
		{B30E7DA3-32CA-4EEA-88BC-F8BE5E64DBED}.Release|Any CPU.Build.0 = Release|Any CPU
	EndGlobalSection
	GlobalSection(SolutionProperties) = preSolution
		HideSolutionNode = FALSE
	EndGlobalSection
	GlobalSection(ExtensibilityGlobals) = postSolution
		SolutionGuid = {E5A514C4-32CB-4616-B447-D6B501B25D16}
	EndGlobalSection
EndGlobal
